// !$*UTF8*$!
{
	archiveVersion = 1;
	classes = {
	};
	objectVersion = 55;
	objects = {

/* Begin PBXBuildFile section */
		08565C2A92330A6EB1D98339 /* Pods_QuizzlerNoStoryboard.framework in Frameworks */ = {isa = PBXBuildFile; fileRef = 4CB98A02BD4221B540A07CA9 /* Pods_QuizzlerNoStoryboard.framework */; };
		1AB82B062804661800C55FCB /* AppDelegate.swift in Sources */ = {isa = PBXBuildFile; fileRef = 1AB82B052804661800C55FCB /* AppDelegate.swift */; };
		1AB82B0A2804661800C55FCB /* ViewController.swift in Sources */ = {isa = PBXBuildFile; fileRef = 1AB82B092804661800C55FCB /* ViewController.swift */; };
		1AB82B0F2804661800C55FCB /* Assets.xcassets in Resources */ = {isa = PBXBuildFile; fileRef = 1AB82B0E2804661800C55FCB /* Assets.xcassets */; };
		1AB82B122804661800C55FCB /* LaunchScreen.storyboard in Resources */ = {isa = PBXBuildFile; fileRef = 1AB82B102804661800C55FCB /* LaunchScreen.storyboard */; };
		1AB82B1B2804C0F900C55FCB /* QuizBrain.swift in Sources */ = {isa = PBXBuildFile; fileRef = 1AB82B1A2804C0F900C55FCB /* QuizBrain.swift */; };
		1AB82B1F2804CE7700C55FCB /* Question.swift in Sources */ = {isa = PBXBuildFile; fileRef = 1AB82B1E2804CE7700C55FCB /* Question.swift */; };
/* End PBXBuildFile section */

/* Begin PBXFileReference section */
		1AB82B022804661800C55FCB /* QuizzlerNoStoryboard.app */ = {isa = PBXFileReference; explicitFileType = wrapper.application; includeInIndex = 0; path = QuizzlerNoStoryboard.app; sourceTree = BUILT_PRODUCTS_DIR; };
		1AB82B052804661800C55FCB /* AppDelegate.swift */ = {isa = PBXFileReference; lastKnownFileType = sourcecode.swift; path = AppDelegate.swift; sourceTree = "<group>"; };
		1AB82B092804661800C55FCB /* ViewController.swift */ = {isa = PBXFileReference; lastKnownFileType = sourcecode.swift; path = ViewController.swift; sourceTree = "<group>"; };
		1AB82B0E2804661800C55FCB /* Assets.xcassets */ = {isa = PBXFileReference; lastKnownFileType = folder.assetcatalog; path = Assets.xcassets; sourceTree = "<group>"; };
		1AB82B112804661800C55FCB /* Base */ = {isa = PBXFileReference; lastKnownFileType = file.storyboard; name = Base; path = Base.lproj/LaunchScreen.storyboard; sourceTree = "<group>"; };
		1AB82B132804661800C55FCB /* Info.plist */ = {isa = PBXFileReference; lastKnownFileType = text.plist.xml; path = Info.plist; sourceTree = "<group>"; };
		1AB82B1A2804C0F900C55FCB /* QuizBrain.swift */ = {isa = PBXFileReference; lastKnownFileType = sourcecode.swift; path = QuizBrain.swift; sourceTree = "<group>"; };
		1AB82B1E2804CE7700C55FCB /* Question.swift */ = {isa = PBXFileReference; lastKnownFileType = sourcecode.swift; path = Question.swift; sourceTree = "<group>"; };
		37CEE7D7B8F53F5128DB702D /* Pods-QuizzlerNoStoryboard.release.xcconfig */ = {isa = PBXFileReference; includeInIndex = 1; lastKnownFileType = text.xcconfig; name = "Pods-QuizzlerNoStoryboard.release.xcconfig"; path = "Target Support Files/Pods-QuizzlerNoStoryboard/Pods-QuizzlerNoStoryboard.release.xcconfig"; sourceTree = "<group>"; };
		4CB98A02BD4221B540A07CA9 /* Pods_QuizzlerNoStoryboard.framework */ = {isa = PBXFileReference; explicitFileType = wrapper.framework; includeInIndex = 0; path = Pods_QuizzlerNoStoryboard.framework; sourceTree = BUILT_PRODUCTS_DIR; };
		BED291AAC0C2CCCE7D92D4B6 /* Pods-QuizzlerNoStoryboard.debug.xcconfig */ = {isa = PBXFileReference; includeInIndex = 1; lastKnownFileType = text.xcconfig; name = "Pods-QuizzlerNoStoryboard.debug.xcconfig"; path = "Target Support Files/Pods-QuizzlerNoStoryboard/Pods-QuizzlerNoStoryboard.debug.xcconfig"; sourceTree = "<group>"; };
/* End PBXFileReference section */

/* Begin PBXFrameworksBuildPhase section */
		1AB82AFF2804661800C55FCB /* Frameworks */ = {
			isa = PBXFrameworksBuildPhase;
			buildActionMask = 2147483647;
			files = (
				08565C2A92330A6EB1D98339 /* Pods_QuizzlerNoStoryboard.framework in Frameworks */,
			);
			runOnlyForDeploymentPostprocessing = 0;
		};
/* End PBXFrameworksBuildPhase section */

/* Begin PBXGroup section */
		1AB82AF92804661800C55FCB = {
			isa = PBXGroup;
			children = (
				1AB82B042804661800C55FCB /* QuizzlerNoStoryboard */,
				1AB82B032804661800C55FCB /* Products */,
				9ACE2D1DACC612F41151CB17 /* Pods */,
				DB12880F7DD2545B75002A9F /* Frameworks */,
			);
			sourceTree = "<group>";
		};
		1AB82B032804661800C55FCB /* Products */ = {
			isa = PBXGroup;
			children = (
				1AB82B022804661800C55FCB /* QuizzlerNoStoryboard.app */,
			);
			name = Products;
			sourceTree = "<group>";
		};
		1AB82B042804661800C55FCB /* QuizzlerNoStoryboard */ = {
			isa = PBXGroup;
			children = (
				1AB82B052804661800C55FCB /* AppDelegate.swift */,
				1AB82B202805A50C00C55FCB /* Controller */,
				1AB82B192804C0E500C55FCB /* Model */,
				1AB82B0E2804661800C55FCB /* Assets.xcassets */,
				1AB82B102804661800C55FCB /* LaunchScreen.storyboard */,
				1AB82B132804661800C55FCB /* Info.plist */,
			);
			path = QuizzlerNoStoryboard;
			sourceTree = "<group>";
		};
		1AB82B192804C0E500C55FCB /* Model */ = {
			isa = PBXGroup;
			children = (
				1AB82B1A2804C0F900C55FCB /* QuizBrain.swift */,
				1AB82B1E2804CE7700C55FCB /* Question.swift */,
			);
			path = Model;
			sourceTree = "<group>";
		};
		1AB82B202805A50C00C55FCB /* Controller */ = {
			isa = PBXGroup;
			children = (
				1AB82B092804661800C55FCB /* ViewController.swift */,
			);
			path = Controller;
			sourceTree = "<group>";
		};
		9ACE2D1DACC612F41151CB17 /* Pods */ = {
			isa = PBXGroup;
			children = (
				BED291AAC0C2CCCE7D92D4B6 /* Pods-QuizzlerNoStoryboard.debug.xcconfig */,
				37CEE7D7B8F53F5128DB702D /* Pods-QuizzlerNoStoryboard.release.xcconfig */,
			);
			path = Pods;
			sourceTree = "<group>";
		};
		DB12880F7DD2545B75002A9F /* Frameworks */ = {
			isa = PBXGroup;
			children = (
				4CB98A02BD4221B540A07CA9 /* Pods_QuizzlerNoStoryboard.framework */,
			);
			name = Frameworks;
			sourceTree = "<group>";
		};
/* End PBXGroup section */

/* Begin PBXNativeTarget section */
		1AB82B012804661800C55FCB /* QuizzlerNoStoryboard */ = {
			isa = PBXNativeTarget;
			buildConfigurationList = 1AB82B162804661800C55FCB /* Build configuration list for PBXNativeTarget "QuizzlerNoStoryboard" */;
			buildPhases = (
				39B5391B5E6645FB90019CE7 /* [CP] Check Pods Manifest.lock */,
				1AB82AFE2804661800C55FCB /* Sources */,
				1AB82AFF2804661800C55FCB /* Frameworks */,
				1AB82B002804661800C55FCB /* Resources */,
				5270B3A051390017A959DCAC /* [CP] Embed Pods Frameworks */,
			);
			buildRules = (
			);
			dependencies = (
			);
			name = QuizzlerNoStoryboard;
			productName = QuizzlerNoStoryboard;
			productReference = 1AB82B022804661800C55FCB /* QuizzlerNoStoryboard.app */;
			productType = "com.apple.product-type.application";
		};
/* End PBXNativeTarget section */

/* Begin PBXProject section */
		1AB82AFA2804661800C55FCB /* Project object */ = {
			isa = PBXProject;
			attributes = {
				BuildIndependentTargetsInParallel = 1;
				LastSwiftUpdateCheck = 1330;
				LastUpgradeCheck = 1330;
				TargetAttributes = {
					1AB82B012804661800C55FCB = {
						CreatedOnToolsVersion = 13.3;
					};
				};
			};
			buildConfigurationList = 1AB82AFD2804661800C55FCB /* Build configuration list for PBXProject "QuizzlerNoStoryboard" */;
			compatibilityVersion = "Xcode 13.0";
			developmentRegion = en;
			hasScannedForEncodings = 0;
			knownRegions = (
				en,
				Base,
			);
			mainGroup = 1AB82AF92804661800C55FCB;
			productRefGroup = 1AB82B032804661800C55FCB /* Products */;
			projectDirPath = "";
			projectRoot = "";
			targets = (
				1AB82B012804661800C55FCB /* QuizzlerNoStoryboard */,
			);
		};
/* End PBXProject section */

/* Begin PBXResourcesBuildPhase section */
		1AB82B002804661800C55FCB /* Resources */ = {
			isa = PBXResourcesBuildPhase;
			buildActionMask = 2147483647;
			files = (
				1AB82B122804661800C55FCB /* LaunchScreen.storyboard in Resources */,
				1AB82B0F2804661800C55FCB /* Assets.xcassets in Resources */,
			);
			runOnlyForDeploymentPostprocessing = 0;
		};
/* End PBXResourcesBuildPhase section */

/* Begin PBXShellScriptBuildPhase section */
		39B5391B5E6645FB90019CE7 /* [CP] Check Pods Manifest.lock */ = {
			isa = PBXShellScriptBuildPhase;
			buildActionMask = 2147483647;
			files = (
			);
			inputFileListPaths = (
			);
			inputPaths = (
				"${PODS_PODFILE_DIR_PATH}/Podfile.lock",
				"${PODS_ROOT}/Manifest.lock",
			);
			name = "[CP] Check Pods Manifest.lock";
			outputFileListPaths = (
			);
			outputPaths = (
				"$(DERIVED_FILE_DIR)/Pods-QuizzlerNoStoryboard-checkManifestLockResult.txt",
			);
			runOnlyForDeploymentPostprocessing = 0;
			shellPath = /bin/sh;
			shellScript = "diff \"${PODS_PODFILE_DIR_PATH}/Podfile.lock\" \"${PODS_ROOT}/Manifest.lock\" > /dev/null\nif [ $? != 0 ] ; then\n    # print error to STDERR\n    echo \"error: The sandbox is not in sync with the Podfile.lock. Run 'pod install' or update your CocoaPods installation.\" >&2\n    exit 1\nfi\n# This output is used by Xcode 'outputs' to avoid re-running this script phase.\necho \"SUCCESS\" > \"${SCRIPT_OUTPUT_FILE_0}\"\n";
			showEnvVarsInLog = 0;
		};
		5270B3A051390017A959DCAC /* [CP] Embed Pods Frameworks */ = {
			isa = PBXShellScriptBuildPhase;
			buildActionMask = 2147483647;
			files = (
			);
			inputFileListPaths = (
				"${PODS_ROOT}/Target Support Files/Pods-QuizzlerNoStoryboard/Pods-QuizzlerNoStoryboard-frameworks-${CONFIGURATION}-input-files.xcfilelist",
			);
			name = "[CP] Embed Pods Frameworks";
			outputFileListPaths = (
				"${PODS_ROOT}/Target Support Files/Pods-QuizzlerNoStoryboard/Pods-QuizzlerNoStoryboard-frameworks-${CONFIGURATION}-output-files.xcfilelist",
			);
			runOnlyForDeploymentPostprocessing = 0;
			shellPath = /bin/sh;
			shellScript = "\"${PODS_ROOT}/Target Support Files/Pods-QuizzlerNoStoryboard/Pods-QuizzlerNoStoryboard-frameworks.sh\"\n";
			showEnvVarsInLog = 0;
		};
/* End PBXShellScriptBuildPhase section */

/* Begin PBXSourcesBuildPhase section */
		1AB82AFE2804661800C55FCB /* Sources */ = {
			isa = PBXSourcesBuildPhase;
			buildActionMask = 2147483647;
			files = (
				1AB82B1B2804C0F900C55FCB /* QuizBrain.swift in Sources */,
				1AB82B1F2804CE7700C55FCB /* Question.swift in Sources */,
				1AB82B0A2804661800C55FCB /* ViewController.swift in Sources */,
				1AB82B062804661800C55FCB /* AppDelegate.swift in Sources */,
			);
			runOnlyForDeploymentPostprocessing = 0;
		};
/* End PBXSourcesBuildPhase section */

/* Begin PBXVariantGroup section */
		1AB82B102804661800C55FCB /* LaunchScreen.storyboard */ = {
			isa = PBXVariantGroup;
			children = (
				1AB82B112804661800C55FCB /* Base */,
			);
			name = LaunchScreen.storyboard;
			sourceTree = "<group>";
		};
/* End PBXVariantGroup section */

/* Begin XCBuildConfiguration section */
		1AB82B142804661800C55FCB /* Debug */ = {
			isa = XCBuildConfiguration;
			buildSettings = {
				ALWAYS_SEARCH_USER_PATHS = NO;
				CLANG_ANALYZER_NONNULL = YES;
				CLANG_ANALYZER_NUMBER_OBJECT_CONVERSION = YES_AGGRESSIVE;
				CLANG_CXX_LANGUAGE_STANDARD = "gnu++17";
				CLANG_ENABLE_MODULES = YES;
				CLANG_ENABLE_OBJC_ARC = YES;
				CLANG_ENABLE_OBJC_WEAK = YES;
				CLANG_WARN_BLOCK_CAPTURE_AUTORELEASING = YES;
				CLANG_WARN_BOOL_CONVERSION = YES;
				CLANG_WARN_COMMA = YES;
				CLANG_WARN_CONSTANT_CONVERSION = YES;
				CLANG_WARN_DEPRECATED_OBJC_IMPLEMENTATIONS = YES;
				CLANG_WARN_DIRECT_OBJC_ISA_USAGE = YES_ERROR;
				CLANG_WARN_DOCUMENTATION_COMMENTS = YES;
				CLANG_WARN_EMPTY_BODY = YES;
				CLANG_WARN_ENUM_CONVERSION = YES;
				CLANG_WARN_INFINITE_RECURSION = YES;
				CLANG_WARN_INT_CONVERSION = YES;
				CLANG_WARN_NON_LITERAL_NULL_CONVERSION = YES;
				CLANG_WARN_OBJC_IMPLICIT_RETAIN_SELF = YES;
				CLANG_WARN_OBJC_LITERAL_CONVERSION = YES;
				CLANG_WARN_OBJC_ROOT_CLASS = YES_ERROR;
				CLANG_WARN_QUOTED_INCLUDE_IN_FRAMEWORK_HEADER = YES;
				CLANG_WARN_RANGE_LOOP_ANALYSIS = YES;
				CLANG_WARN_STRICT_PROTOTYPES = YES;
				CLANG_WARN_SUSPICIOUS_MOVE = YES;
				CLANG_WARN_UNGUARDED_AVAILABILITY = YES_AGGRESSIVE;
				CLANG_WARN_UNREACHABLE_CODE = YES;
				CLANG_WARN__DUPLICATE_METHOD_MATCH = YES;
				COPY_PHASE_STRIP = NO;
				DEBUG_INFORMATION_FORMAT = dwarf;
				ENABLE_STRICT_OBJC_MSGSEND = YES;
				ENABLE_TESTABILITY = YES;
				GCC_C_LANGUAGE_STANDARD = gnu11;
				GCC_DYNAMIC_NO_PIC = NO;
				GCC_NO_COMMON_BLOCKS = YES;
				GCC_OPTIMIZATION_LEVEL = 0;
				GCC_PREPROCESSOR_DEFINITIONS = (
					"DEBUG=1",
					"$(inherited)",
				);
				GCC_WARN_64_TO_32_BIT_CONVERSION = YES;
				GCC_WARN_ABOUT_RETURN_TYPE = YES_ERROR;
				GCC_WARN_UNDECLARED_SELECTOR = YES;
				GCC_WARN_UNINITIALIZED_AUTOS = YES_AGGRESSIVE;
				GCC_WARN_UNUSED_FUNCTION = YES;
				GCC_WARN_UNUSED_VARIABLE = YES;
				IPHONEOS_DEPLOYMENT_TARGET = 15.4;
				MTL_ENABLE_DEBUG_INFO = INCLUDE_SOURCE;
				MTL_FAST_MATH = YES;
				ONLY_ACTIVE_ARCH = YES;
				SDKROOT = iphoneos;
				SWIFT_ACTIVE_COMPILATION_CONDITIONS = DEBUG;
				SWIFT_OPTIMIZATION_LEVEL = "-Onone";
			};
			name = Debug;
		};
		1AB82B152804661800C55FCB /* Release */ = {
			isa = XCBuildConfiguration;
			buildSettings = {
				ALWAYS_SEARCH_USER_PATHS = NO;
				CLANG_ANALYZER_NONNULL = YES;
				CLANG_ANALYZER_NUMBER_OBJECT_CONVERSION = YES_AGGRESSIVE;
				CLANG_CXX_LANGUAGE_STANDARD = "gnu++17";
				CLANG_ENABLE_MODULES = YES;
				CLANG_ENABLE_OBJC_ARC = YES;
				CLANG_ENABLE_OBJC_WEAK = YES;
				CLANG_WARN_BLOCK_CAPTURE_AUTORELEASING = YES;
				CLANG_WARN_BOOL_CONVERSION = YES;
				CLANG_WARN_COMMA = YES;
				CLANG_WARN_CONSTANT_CONVERSION = YES;
				CLANG_WARN_DEPRECATED_OBJC_IMPLEMENTATIONS = YES;
				CLANG_WARN_DIRECT_OBJC_ISA_USAGE = YES_ERROR;
				CLANG_WARN_DOCUMENTATION_COMMENTS = YES;
				CLANG_WARN_EMPTY_BODY = YES;
				CLANG_WARN_ENUM_CONVERSION = YES;
				CLANG_WARN_INFINITE_RECURSION = YES;
				CLANG_WARN_INT_CONVERSION = YES;
				CLANG_WARN_NON_LITERAL_NULL_CONVERSION = YES;
				CLANG_WARN_OBJC_IMPLICIT_RETAIN_SELF = YES;
				CLANG_WARN_OBJC_LITERAL_CONVERSION = YES;
				CLANG_WARN_OBJC_ROOT_CLASS = YES_ERROR;
				CLANG_WARN_QUOTED_INCLUDE_IN_FRAMEWORK_HEADER = YES;
				CLANG_WARN_RANGE_LOOP_ANALYSIS = YES;
				CLANG_WARN_STRICT_PROTOTYPES = YES;
				CLANG_WARN_SUSPICIOUS_MOVE = YES;
				CLANG_WARN_UNGUARDED_AVAILABILITY = YES_AGGRESSIVE;
				CLANG_WARN_UNREACHABLE_CODE = YES;
				CLANG_WARN__DUPLICATE_METHOD_MATCH = YES;
				COPY_PHASE_STRIP = NO;
				DEBUG_INFORMATION_FORMAT = "dwarf-with-dsym";
				ENABLE_NS_ASSERTIONS = NO;
				ENABLE_STRICT_OBJC_MSGSEND = YES;
				GCC_C_LANGUAGE_STANDARD = gnu11;
				GCC_NO_COMMON_BLOCKS = YES;
				GCC_WARN_64_TO_32_BIT_CONVERSION = YES;
				GCC_WARN_ABOUT_RETURN_TYPE = YES_ERROR;
				GCC_WARN_UNDECLARED_SELECTOR = YES;
				GCC_WARN_UNINITIALIZED_AUTOS = YES_AGGRESSIVE;
				GCC_WARN_UNUSED_FUNCTION = YES;
				GCC_WARN_UNUSED_VARIABLE = YES;
				IPHONEOS_DEPLOYMENT_TARGET = 15.4;
				MTL_ENABLE_DEBUG_INFO = NO;
				MTL_FAST_MATH = YES;
				SDKROOT = iphoneos;
				SWIFT_COMPILATION_MODE = wholemodule;
				SWIFT_OPTIMIZATION_LEVEL = "-O";
				VALIDATE_PRODUCT = YES;
			};
			name = Release;
		};
		1AB82B172804661800C55FCB /* Debug */ = {
			isa = XCBuildConfiguration;
			baseConfigurationReference = BED291AAC0C2CCCE7D92D4B6 /* Pods-QuizzlerNoStoryboard.debug.xcconfig */;
			buildSettings = {
				ASSETCATALOG_COMPILER_APPICON_NAME = AppIcon;
				ASSETCATALOG_COMPILER_GLOBAL_ACCENT_COLOR_NAME = AccentColor;
				CODE_SIGN_STYLE = Automatic;
				CURRENT_PROJECT_VERSION = 1;
				DEVELOPMENT_TEAM = J29BGS7RGH;
				GENERATE_INFOPLIST_FILE = YES;
				INFOPLIST_FILE = QuizzlerNoStoryboard/Info.plist;
				INFOPLIST_KEY_UIApplicationSupportsIndirectInputEvents = YES;
				INFOPLIST_KEY_UILaunchStoryboardName = LaunchScreen;
				INFOPLIST_KEY_UIMainStoryboardFile = "";
				INFOPLIST_KEY_UISupportedInterfaceOrientations_iPad = "UIInterfaceOrientationPortrait UIInterfaceOrientationPortraitUpsideDown UIInterfaceOrientationLandscapeLeft UIInterfaceOrientationLandscapeRight";
				INFOPLIST_KEY_UISupportedInterfaceOrientations_iPhone = "UIInterfaceOrientationPortrait UIInterfaceOrientationLandscapeLeft UIInterfaceOrientationLandscapeRight";
				IPHONEOS_DEPLOYMENT_TARGET = 13.0;
				LD_RUNPATH_SEARCH_PATHS = (
					"$(inherited)",
					"@executable_path/Frameworks",
				);
				MARKETING_VERSION = 1.0;
				PRODUCT_BUNDLE_IDENTIFIER = xkidcatx.QuizzlerNoStoryboard;
				PRODUCT_NAME = "$(TARGET_NAME)";
				SWIFT_EMIT_LOC_STRINGS = YES;
				SWIFT_VERSION = 5.0;
				TARGETED_DEVICE_FAMILY = "1,2";
			};
			name = Debug;
		};
		1AB82B182804661800C55FCB /* Release */ = {
			isa = XCBuildConfiguration;
			baseConfigurationReference = 37CEE7D7B8F53F5128DB702D /* Pods-QuizzlerNoStoryboard.release.xcconfig */;
			buildSettings = {
				ASSETCATALOG_COMPILER_APPICON_NAME = AppIcon;
				ASSETCATALOG_COMPILER_GLOBAL_ACCENT_COLOR_NAME = AccentColor;
				CODE_SIGN_STYLE = Automatic;
				CURRENT_PROJECT_VERSION = 1;
				DEVELOPMENT_TEAM = J29BGS7RGH;
				GENERATE_INFOPLIST_FILE = YES;
				INFOPLIST_FILE = QuizzlerNoStoryboard/Info.plist;
				INFOPLIST_KEY_UIApplicationSupportsIndirectInputEvents = YES;
				INFOPLIST_KEY_UILaunchStoryboardName = LaunchScreen;
				INFOPLIST_KEY_UIMainStoryboardFile = "";
				INFOPLIST_KEY_UISupportedInterfaceOrientations_iPad = "UIInterfaceOrientationPortrait UIInterfaceOrientationPortraitUpsideDown UIInterfaceOrientationLandscapeLeft UIInterfaceOrientationLandscapeRight";
				INFOPLIST_KEY_UISupportedInterfaceOrientations_iPhone = "UIInterfaceOrientationPortrait UIInterfaceOrientationLandscapeLeft UIInterfaceOrientationLandscapeRight";
				IPHONEOS_DEPLOYMENT_TARGET = 13.0;
				LD_RUNPATH_SEARCH_PATHS = (
					"$(inherited)",
					"@executable_path/Frameworks",
				);
				MARKETING_VERSION = 1.0;
				PRODUCT_BUNDLE_IDENTIFIER = xkidcatx.QuizzlerNoStoryboard;
				PRODUCT_NAME = "$(TARGET_NAME)";
				SWIFT_EMIT_LOC_STRINGS = YES;
				SWIFT_VERSION = 5.0;
				TARGETED_DEVICE_FAMILY = "1,2";
			};
			name = Release;
		};
/* End XCBuildConfiguration section */

/* Begin XCConfigurationList section */
		1AB82AFD2804661800C55FCB /* Build configuration list for PBXProject "QuizzlerNoStoryboard" */ = {
			isa = XCConfigurationList;
			buildConfigurations = (
				1AB82B142804661800C55FCB /* Debug */,
				1AB82B152804661800C55FCB /* Release */,
			);
			defaultConfigurationIsVisible = 0;
			defaultConfigurationName = Release;
		};
		1AB82B162804661800C55FCB /* Build configuration list for PBXNativeTarget "QuizzlerNoStoryboard" */ = {
			isa = XCConfigurationList;
			buildConfigurations = (
				1AB82B172804661800C55FCB /* Debug */,
				1AB82B182804661800C55FCB /* Release */,
			);
			defaultConfigurationIsVisible = 0;
			defaultConfigurationName = Release;
		};
/* End XCConfigurationList section */
	};
	rootObject = 1AB82AFA2804661800C55FCB /* Project object */;
}
